<?xml version="1.0" encoding="utf-8"?>
<Project ToolsVersion="4.0" xmlns="http://schemas.microsoft.com/developer/msbuild/2003">
  <ItemGroup>
    <Filter Include="Header Files">
      <UniqueIdentifier>{891daef3-7952-4d89-a288-6b68108e60e0}</UniqueIdentifier>
      <Extensions>h;hpp;hxx;hm;inl;inc;xsd</Extensions>
    </Filter>
    <Filter Include="Source Files">
      <UniqueIdentifier>{fe46da3c-baa9-4418-999e-a299673efac4}</UniqueIdentifier>
      <Extensions>cpp;c;cc;cxx;def;odl;idl;hpj;bat;asm;asmx</Extensions>
    </Filter>
    <Filter Include="Resource Files">
      <UniqueIdentifier>{be63ab4b-020f-4a69-b22e-d47b254ea52f}</UniqueIdentifier>
      <Extensions>rc;ico;cur;bmp;dlg;rc2;rct;bin;rgs;gif;jpg;jpeg;jpe;resx;tiff;tif;png;wav;mfcribbon-ms</Extensions>
    </Filter>
  </ItemGroup>
  <ItemGroup>
    <ClCompile Include="AboutDlg.cpp">
      <Filter>Source Files</Filter>
    </ClCompile>
    <ClCompile Include="ArrayEx.cpp">
      <Filter>Source Files</Filter>
    </ClCompile>
    <ClCompile Include="Benchmark.cpp">
      <Filter>Source Files</Filter>
    </ClCompile>
    <ClCompile Include="D2DDevCtx.cpp">
      <Filter>Source Files</Filter>
    </ClCompile>
    <ClCompile Include="Event.cpp">
      <Filter>Source Files</Filter>
    </ClCompile>
    <ClCompile Include="RandList.cpp">
      <Filter>Source Files</Filter>
    </ClCompile>
    <ClCompile Include="RenderThread.cpp">
      <Filter>Source Files</Filter>
    </ClCompile>
    <ClCompile Include="SloganDraw.cpp">
      <Filter>Source Files</Filter>
    </ClCompile>
    <ClCompile Include="Sloganeer.cpp">
      <Filter>Source Files</Filter>
    </ClCompile>
    <ClCompile Include="SloganeerDlg.cpp">
      <Filter>Source Files</Filter>
    </ClCompile>
    <ClCompile Include="stdafx.cpp">
      <Filter>Source Files</Filter>
    </ClCompile>
    <ClCompile Include="VersionInfo.cpp">
      <Filter>Source Files</Filter>
    </ClCompile>
    <ClCompile Include="Win32Console.cpp">
      <Filter>Source Files</Filter>
    </ClCompile>
    <ClCompile Include="D2DCapture.cpp">
      <Filter>Source Files</Filter>
    </ClCompile>
    <ClCompile Include="PathStr.cpp">
      <Filter>Source Files</Filter>
    </ClCompile>
    <ClCompile Include="SloganParams.cpp">
      <Filter>Source Files</Filter>
    </ClCompile>
    <ClCompile Include="TextRenderer.cpp">
      <Filter>Source Files</Filter>
    </ClCompile>
    <ClCompile Include="StdioFileEx.cpp">
      <Filter>Source Files</Filter>
    </ClCompile>
    <ClCompile Include="WinAppCK.cpp">
      <Filter>Source Files</Filter>
    </ClCompile>
  </ItemGroup>
  <ItemGroup>
    <ClInclude Include="AboutDlg.h">
      <Filter>Header Files</Filter>
    </ClInclude>
    <ClInclude Include="ArrayEx.h">
      <Filter>Header Files</Filter>
    </ClInclude>
    <ClInclude Include="ArrayExAlgoDef.h">
      <Filter>Header Files</Filter>
    </ClInclude>
    <ClInclude Include="Benchmark.h">
      <Filter>Header Files</Filter>
    </ClInclude>
    <ClInclude Include="D2DDevCtx.h">
      <Filter>Header Files</Filter>
    </ClInclude>
    <ClInclude Include="D2DHelper.h">
      <Filter>Header Files</Filter>
    </ClInclude>
    <ClInclude Include="Event.h">
      <Filter>Header Files</Filter>
    </ClInclude>
    <ClInclude Include="Globals.h">
      <Filter>Header Files</Filter>
    </ClInclude>
    <ClInclude Include="ILockRingBuf.h">
      <Filter>Header Files</Filter>
    </ClInclude>
    <ClInclude Include="ParamDef.h">
      <Filter>Header Files</Filter>
    </ClInclude>
    <ClInclude Include="RandList.h">
      <Filter>Header Files</Filter>
    </ClInclude>
    <ClInclude Include="RenderThread.h">
      <Filter>Header Files</Filter>
    </ClInclude>
    <ClInclude Include="resource.h">
      <Filter>Header Files</Filter>
    </ClInclude>
    <ClInclude Include="Round.h">
      <Filter>Header Files</Filter>
    </ClInclude>
    <ClInclude Include="SloganDraw.h">
      <Filter>Header Files</Filter>
    </ClInclude>
    <ClInclude Include="Sloganeer.h">
      <Filter>Header Files</Filter>
    </ClInclude>
    <ClInclude Include="SloganeerDlg.h">
      <Filter>Header Files</Filter>
    </ClInclude>
    <ClInclude Include="stdafx.h">
      <Filter>Header Files</Filter>
    </ClInclude>
    <ClInclude Include="targetver.h">
      <Filter>Header Files</Filter>
    </ClInclude>
    <ClInclude Include="Version.h">
      <Filter>Header Files</Filter>
    </ClInclude>
    <ClInclude Include="VersionInfo.h">
      <Filter>Header Files</Filter>
    </ClInclude>
    <ClInclude Include="Win32Console.h">
      <Filter>Header Files</Filter>
    </ClInclude>
    <ClInclude Include="WObject.h">
      <Filter>Header Files</Filter>
    </ClInclude>
    <ClInclude Include="Wrapx64.h">
      <Filter>Header Files</Filter>
    </ClInclude>
    <ClInclude Include="D2DCapture.h">
      <Filter>Header Files</Filter>
    </ClInclude>
    <ClInclude Include="PathStr.h">
      <Filter>Header Files</Filter>
    </ClInclude>
    <ClInclude Include="SloganParams.h">
      <Filter>Header Files</Filter>
    </ClInclude>
    <ClInclude Include="TextRenderer.h">
      <Filter>Header Files</Filter>
    </ClInclude>
    <ClInclude Include="StdioFileEx.h">
      <Filter>Header Files</Filter>
    </ClInclude>
    <ClInclude Include="CritSec.h">
      <Filter>Header Files</Filter>
    </ClInclude>
    <ClInclude Include="WinAppCK.h">
      <Filter>Header Files</Filter>
    </ClInclude>
  </ItemGroup>
  <ItemGroup>
    <ResourceCompile Include="Sloganeer.rc">
      <Filter>Resource Files</Filter>
    </ResourceCompile>
  </ItemGroup>
  <ItemGroup>
    <Image Include="res\Sloganeer.ico">
      <Filter>Resource Files</Filter>
    </Image>
  </ItemGroup>
  <ItemGroup>
    <None Include="res\Sloganeer.rc2">
      <Filter>Resource Files</Filter>
    </None>
  </ItemGroup>
</Project>